
Microsoft Visual Studio Solution File, Format Version 12.00
# Visual Studio Version 16
VisualStudioVersion = 16.0.29009.5
MinimumVisualStudioVersion = 10.0.40219.1
Project("{FAE04EC0-301F-11D3-BF4B-00C04F79EFBC}") = "WhileLoops", "WhileLoops\WhileLoops.csproj", "{44CC000B-6ED8-4324-94E5-F5F0B9F3CAB3}"
EndProject
Global
	GlobalSection(SolutionConfigurationPlatforms) = preSolution
		Debug|Any CPU = Debug|Any CPU
		Release|Any CPU = Release|Any CPU
	EndGlobalSection
	GlobalSection(ProjectConfigurationPlatforms) = postSolution
		{44CC000B-6ED8-4324-94E5-F5F0B9F3CAB3}.Debug|Any CPU.ActiveCfg = Debug|Any CPU
		{44CC000B-6ED8-4324-94E5-F5F0B9F3CAB3}.Debug|Any CPU.Build.0 = Debug|Any CPU
		{44CC000B-6ED8-4324-94E5-F5F0B9F3CAB3}.Release|Any CPU.ActiveCfg = Release|Any CPU
		{44CC000B-6ED8-4324-94E5-F5F0B9F3CAB3}.Release|Any CPU.Build.0 = Release|Any CPU
	EndGlobalSection
	GlobalSection(SolutionProperties) = preSolution
		HideSolutionNode = FALSE
	EndGlobalSection
	GlobalSection(ExtensibilityGlobals) = postSolution
		SolutionGuid = {6E42A375-B72C-4825-A4B4-FBE408B03F89}
	EndGlobalSection
EndGlobal
